
Microsoft Visual Studio Solution File, Format Version 12.00
# Visual Studio Version 17
VisualStudioVersion = 17.11.35303.130
MinimumVisualStudioVersion = 10.0.40219.1
Project("{9A19103F-16F7-4668-BE54-9A1E7A4F7556}") = "CodeTRY-1", "CodeTRY-1\CodeTRY-1.csproj", "{AF60B314-D3B5-4418-909D-8D138C9537B0}"
EndProject
Project("{9A19103F-16F7-4668-BE54-9A1E7A4F7556}") = "Code-TRY-2", "Code-TRY-2\Code-TRY-2.csproj", "{F64AE7E8-D941-46F2-A95E-9F7D837AE174}"
EndProject
Global
	GlobalSection(SolutionConfigurationPlatforms) = preSolution
		Debug|Any CPU = Debug|Any CPU
		Release|Any CPU = Release|Any CPU
	EndGlobalSection
	GlobalSection(ProjectConfigurationPlatforms) = postSolution
		{AF60B314-D3B5-4418-909D-8D138C9537B0}.Debug|Any CPU.ActiveCfg = Debug|Any CPU
		{AF60B314-D3B5-4418-909D-8D138C9537B0}.Debug|Any CPU.Build.0 = Debug|Any CPU
		{AF60B314-D3B5-4418-909D-8D138C9537B0}.Release|Any CPU.ActiveCfg = Release|Any CPU
		{AF60B314-D3B5-4418-909D-8D138C9537B0}.Release|Any CPU.Build.0 = Release|Any CPU
		{F64AE7E8-D941-46F2-A95E-9F7D837AE174}.Debug|Any CPU.ActiveCfg = Debug|Any CPU
		{F64AE7E8-D941-46F2-A95E-9F7D837AE174}.Debug|Any CPU.Build.0 = Debug|Any CPU
		{F64AE7E8-D941-46F2-A95E-9F7D837AE174}.Release|Any CPU.ActiveCfg = Release|Any CPU
		{F64AE7E8-D941-46F2-A95E-9F7D837AE174}.Release|Any CPU.Build.0 = Release|Any CPU
	EndGlobalSection
	GlobalSection(SolutionProperties) = preSolution
		HideSolutionNode = FALSE
	EndGlobalSection
	GlobalSection(ExtensibilityGlobals) = postSolution
		SolutionGuid = {19976B7D-994E-4D4A-B050-AB23E2970B04}
	EndGlobalSection
EndGlobal
